
Microsoft Visual Studio Solution File, Format Version 12.00
# Visual Studio Version 17
VisualStudioVersion = 17.4.33122.133
MinimumVisualStudioVersion = 10.0.40219.1
Project("{FAE04EC0-301F-11D3-BF4B-00C04F79EFBC}") = "is_takip", "is_takip\is_takip.csproj", "{19BC8A68-7958-4152-8118-3572A30BC4FB}"
EndProject
Global
	GlobalSection(SolutionConfigurationPlatforms) = preSolution
		Debug|Any CPU = Debug|Any CPU
		Release|Any CPU = Release|Any CPU
	EndGlobalSection
	GlobalSection(ProjectConfigurationPlatforms) = postSolution
		{19BC8A68-7958-4152-8118-3572A30BC4FB}.Debug|Any CPU.ActiveCfg = Debug|Any CPU
		{19BC8A68-7958-4152-8118-3572A30BC4FB}.Debug|Any CPU.Build.0 = Debug|Any CPU
		{19BC8A68-7958-4152-8118-3572A30BC4FB}.Release|Any CPU.ActiveCfg = Release|Any CPU
		{19BC8A68-7958-4152-8118-3572A30BC4FB}.Release|Any CPU.Build.0 = Release|Any CPU
	EndGlobalSection
	GlobalSection(SolutionProperties) = preSolution
		HideSolutionNode = FALSE
	EndGlobalSection
	GlobalSection(ExtensibilityGlobals) = postSolution
		SolutionGuid = {6C824104-5004-490A-BF8D-E7DAF7C7B1C8}
	EndGlobalSection
EndGlobal
